
Microsoft Visual Studio Solution File, Format Version 12.00
# Visual Studio Version 16
VisualStudioVersion = 16.0.29424.173
MinimumVisualStudioVersion = 10.0.40219.1
Project("{FAE04EC0-301F-11D3-BF4B-00C04F79EFBC}") = "Senai.Users.WebApi", "Senai.Users.WebApi.csproj", "{47EEDB84-A9AC-4644-9D84-9158AF2CE32D}"
EndProject
Global
	GlobalSection(SolutionConfigurationPlatforms) = preSolution
		Debug|Any CPU = Debug|Any CPU
		Release|Any CPU = Release|Any CPU
	EndGlobalSection
	GlobalSection(ProjectConfigurationPlatforms) = postSolution
		{47EEDB84-A9AC-4644-9D84-9158AF2CE32D}.Debug|Any CPU.ActiveCfg = Debug|Any CPU
		{47EEDB84-A9AC-4644-9D84-9158AF2CE32D}.Debug|Any CPU.Build.0 = Debug|Any CPU
		{47EEDB84-A9AC-4644-9D84-9158AF2CE32D}.Release|Any CPU.ActiveCfg = Release|Any CPU
		{47EEDB84-A9AC-4644-9D84-9158AF2CE32D}.Release|Any CPU.Build.0 = Release|Any CPU
	EndGlobalSection
	GlobalSection(SolutionProperties) = preSolution
		HideSolutionNode = FALSE
	EndGlobalSection
	GlobalSection(ExtensibilityGlobals) = postSolution
		SolutionGuid = {ADCAA841-D3C9-42C0-BE58-BF9165327E1B}
	EndGlobalSection
EndGlobal
